
Microsoft Visual Studio Solution File, Format Version 12.00
# Visual Studio Version 17
VisualStudioVersion = 17.3.32901.215
MinimumVisualStudioVersion = 10.0.40219.1
Project("{FAE04EC0-301F-11D3-BF4B-00C04F79EFBC}") = "OpenGLpractice", "OpenGLpractice\OpenGLpractice.csproj", "{4D6EB01F-5EA0-4684-9E58-D5C8EF1DFAFF}"
EndProject
Global
	GlobalSection(SolutionConfigurationPlatforms) = preSolution
		Debug|Any CPU = Debug|Any CPU
		Release|Any CPU = Release|Any CPU
	EndGlobalSection
	GlobalSection(ProjectConfigurationPlatforms) = postSolution
		{4D6EB01F-5EA0-4684-9E58-D5C8EF1DFAFF}.Debug|Any CPU.ActiveCfg = Debug|Any CPU
		{4D6EB01F-5EA0-4684-9E58-D5C8EF1DFAFF}.Debug|Any CPU.Build.0 = Debug|Any CPU
		{4D6EB01F-5EA0-4684-9E58-D5C8EF1DFAFF}.Release|Any CPU.ActiveCfg = Release|Any CPU
		{4D6EB01F-5EA0-4684-9E58-D5C8EF1DFAFF}.Release|Any CPU.Build.0 = Release|Any CPU
	EndGlobalSection
	GlobalSection(SolutionProperties) = preSolution
		HideSolutionNode = FALSE
	EndGlobalSection
	GlobalSection(ExtensibilityGlobals) = postSolution
		SolutionGuid = {3DDE91E6-B004-4A3C-BB82-325C56D0D688}
	EndGlobalSection
EndGlobal
